
Microsoft Visual Studio Solution File, Format Version 12.00
# Visual Studio Version 17
VisualStudioVersion = 17.7.34221.43
MinimumVisualStudioVersion = 10.0.40219.1
Project("{8BC9CEB8-8B4A-11D0-8D11-00A0C91BC942}") = "Snake", "Snake.vcxproj", "{10F5952E-CED7-4EDB-AE04-E815D8AD80EF}"
EndProject
Global
	GlobalSection(SolutionConfigurationPlatforms) = preSolution
		Debug Dynamic|x64 = Debug Dynamic|x64
		Debug Dynamic|x86 = Debug Dynamic|x86
		Debug Static|x64 = Debug Static|x64
		Debug Static|x86 = Debug Static|x86
		Release Dynamic|x64 = Release Dynamic|x64
		Release Dynamic|x86 = Release Dynamic|x86
		Release Static|x64 = Release Static|x64
		Release Static|x86 = Release Static|x86
	EndGlobalSection
	GlobalSection(ProjectConfigurationPlatforms) = postSolution
		{10F5952E-CED7-4EDB-AE04-E815D8AD80EF}.Debug Dynamic|x64.ActiveCfg = Debug Dynamic|x64
		{10F5952E-CED7-4EDB-AE04-E815D8AD80EF}.Debug Dynamic|x64.Build.0 = Debug Dynamic|x64
		{10F5952E-CED7-4EDB-AE04-E815D8AD80EF}.Debug Dynamic|x86.ActiveCfg = Debug Dynamic|Win32
		{10F5952E-CED7-4EDB-AE04-E815D8AD80EF}.Debug Dynamic|x86.Build.0 = Debug Dynamic|Win32
		{10F5952E-CED7-4EDB-AE04-E815D8AD80EF}.Debug Static|x64.ActiveCfg = Debug Static|x64
		{10F5952E-CED7-4EDB-AE04-E815D8AD80EF}.Debug Static|x64.Build.0 = Debug Static|x64
		{10F5952E-CED7-4EDB-AE04-E815D8AD80EF}.Debug Static|x86.ActiveCfg = Debug Static|Win32
		{10F5952E-CED7-4EDB-AE04-E815D8AD80EF}.Debug Static|x86.Build.0 = Debug Static|Win32
		{10F5952E-CED7-4EDB-AE04-E815D8AD80EF}.Release Dynamic|x64.ActiveCfg = Release Dynamic|x64
		{10F5952E-CED7-4EDB-AE04-E815D8AD80EF}.Release Dynamic|x64.Build.0 = Release Dynamic|x64
		{10F5952E-CED7-4EDB-AE04-E815D8AD80EF}.Release Dynamic|x86.ActiveCfg = Release Dynamic|Win32
		{10F5952E-CED7-4EDB-AE04-E815D8AD80EF}.Release Dynamic|x86.Build.0 = Release Dynamic|Win32
		{10F5952E-CED7-4EDB-AE04-E815D8AD80EF}.Release Static|x64.ActiveCfg = Release Static|x64
		{10F5952E-CED7-4EDB-AE04-E815D8AD80EF}.Release Static|x64.Build.0 = Release Static|x64
		{10F5952E-CED7-4EDB-AE04-E815D8AD80EF}.Release Static|x86.ActiveCfg = Release Static|Win32
		{10F5952E-CED7-4EDB-AE04-E815D8AD80EF}.Release Static|x86.Build.0 = Release Static|Win32
	EndGlobalSection
	GlobalSection(SolutionProperties) = preSolution
		HideSolutionNode = FALSE
	EndGlobalSection
	GlobalSection(ExtensibilityGlobals) = postSolution
		SolutionGuid = {B5DA661D-4931-4EF5-ABE4-FC0B86331E12}
	EndGlobalSection
EndGlobal
